
Microsoft Visual Studio Solution File, Format Version 12.00
# Visual Studio Version 17
VisualStudioVersion = 17.3.32811.315
MinimumVisualStudioVersion = 10.0.40219.1
Project("{9A19103F-16F7-4668-BE54-9A1E7A4F7556}") = "Terminal", "Terminal\Terminal.csproj", "{EBFA8512-1EA5-4D8C-B4AC-AB5B48A6D568}"
EndProject
Project("{9A19103F-16F7-4668-BE54-9A1E7A4F7556}") = "Terminal.Desktop", "Terminal.Desktop\Terminal.Desktop.csproj", "{ABC31E74-02FF-46EB-B3B2-4E6AE43B456C}"
EndProject
Project("{9A19103F-16F7-4668-BE54-9A1E7A4F7556}") = "Terminal.Browser", "Terminal.Browser\Terminal.Browser.csproj", "{1C1A049E-235C-4CD0-B6FA-D53AC418F4DA}"
EndProject
Project("{9A19103F-16F7-4668-BE54-9A1E7A4F7556}") = "Terminal.Android", "Terminal.Android\Terminal.Android.csproj", "{7AD1DAC8-7FBE-49D5-8614-7321233DB82E}"
EndProject
Project("{2150E333-8FDC-42A3-9474-1A3956D46DE8}") = "Solution Items", "Solution Items", "{3DA99C4E-89E3-4049-9C22-0A7EC60D83D8}"
	ProjectSection(SolutionItems) = preProject
		Directory.Packages.props = Directory.Packages.props
	EndProjectSection
EndProject
Project("{2150E333-8FDC-42A3-9474-1A3956D46DE8}") = "ProjectsForPlatforms", "ProjectsForPlatforms", "{D527BC52-CAAC-4D30-B92E-BACF311E26EE}"
EndProject
Project("{FAE04EC0-301F-11D3-BF4B-00C04F79EFBC}") = "Terminal.Core", "Terminal.Core\Terminal.Core.csproj", "{CB11A300-0F14-4CA6-993D-88192936883F}"
EndProject
Project("{FAE04EC0-301F-11D3-BF4B-00C04F79EFBC}") = "Terminal.Data", "Terminal.Data\Terminal.Data.csproj", "{38259EDE-3552-49B9-93B6-510AB95EF738}"
EndProject
Project("{FAE04EC0-301F-11D3-BF4B-00C04F79EFBC}") = "Terminal.Application", "Terminal.Application\Terminal.Application.csproj", "{DCF77536-293B-4839-8295-CA6B2238D9D6}"
EndProject
Project("{FAE04EC0-301F-11D3-BF4B-00C04F79EFBC}") = "Sunyard.Binding", "Sunyard.Binding\Sunyard.Binding.csproj", "{238C1B6D-7953-4018-A4F4-BBB47D400F32}"
EndProject
Project("{2150E333-8FDC-42A3-9474-1A3956D46DE8}") = "Tests", "Tests", "{5702C646-4DB6-42DA-BE8D-989BCAD3B164}"
EndProject
Project("{FAE04EC0-301F-11D3-BF4B-00C04F79EFBC}") = "Terminal.UnitTests", "Terminal.UnitTests\Terminal.UnitTests.csproj", "{70656EC4-91BA-4CCC-9B25-9429B0665A25}"
EndProject
Project("{FAE04EC0-301F-11D3-BF4B-00C04F79EFBC}") = "Terminal.IntegrationTests", "Terminal.IntegrationTests\Terminal.IntegrationTests.csproj", "{19A66744-EF5D-4115-8F3C-B4F828273DCD}"
EndProject
Global
	GlobalSection(SolutionConfigurationPlatforms) = preSolution
		Debug|Any CPU = Debug|Any CPU
		Release|Any CPU = Release|Any CPU
	EndGlobalSection
	GlobalSection(ProjectConfigurationPlatforms) = postSolution
		{EBFA8512-1EA5-4D8C-B4AC-AB5B48A6D568}.Debug|Any CPU.ActiveCfg = Debug|Any CPU
		{EBFA8512-1EA5-4D8C-B4AC-AB5B48A6D568}.Debug|Any CPU.Build.0 = Debug|Any CPU
		{EBFA8512-1EA5-4D8C-B4AC-AB5B48A6D568}.Release|Any CPU.ActiveCfg = Release|Any CPU
		{EBFA8512-1EA5-4D8C-B4AC-AB5B48A6D568}.Release|Any CPU.Build.0 = Release|Any CPU
		{ABC31E74-02FF-46EB-B3B2-4E6AE43B456C}.Debug|Any CPU.ActiveCfg = Debug|Any CPU
		{ABC31E74-02FF-46EB-B3B2-4E6AE43B456C}.Debug|Any CPU.Build.0 = Debug|Any CPU
		{ABC31E74-02FF-46EB-B3B2-4E6AE43B456C}.Release|Any CPU.ActiveCfg = Release|Any CPU
		{ABC31E74-02FF-46EB-B3B2-4E6AE43B456C}.Release|Any CPU.Build.0 = Release|Any CPU
		{1C1A049E-235C-4CD0-B6FA-D53AC418F4DA}.Debug|Any CPU.ActiveCfg = Debug|Any CPU
		{1C1A049E-235C-4CD0-B6FA-D53AC418F4DA}.Debug|Any CPU.Build.0 = Debug|Any CPU
		{1C1A049E-235C-4CD0-B6FA-D53AC418F4DA}.Release|Any CPU.ActiveCfg = Release|Any CPU
		{1C1A049E-235C-4CD0-B6FA-D53AC418F4DA}.Release|Any CPU.Build.0 = Release|Any CPU
		{7AD1DAC8-7FBE-49D5-8614-7321233DB82E}.Debug|Any CPU.ActiveCfg = Debug|Any CPU
		{7AD1DAC8-7FBE-49D5-8614-7321233DB82E}.Debug|Any CPU.Build.0 = Debug|Any CPU
		{7AD1DAC8-7FBE-49D5-8614-7321233DB82E}.Release|Any CPU.ActiveCfg = Release|Any CPU
		{7AD1DAC8-7FBE-49D5-8614-7321233DB82E}.Release|Any CPU.Build.0 = Release|Any CPU
		{CB11A300-0F14-4CA6-993D-88192936883F}.Debug|Any CPU.ActiveCfg = Debug|Any CPU
		{CB11A300-0F14-4CA6-993D-88192936883F}.Debug|Any CPU.Build.0 = Debug|Any CPU
		{CB11A300-0F14-4CA6-993D-88192936883F}.Release|Any CPU.ActiveCfg = Release|Any CPU
		{CB11A300-0F14-4CA6-993D-88192936883F}.Release|Any CPU.Build.0 = Release|Any CPU
		{38259EDE-3552-49B9-93B6-510AB95EF738}.Debug|Any CPU.ActiveCfg = Debug|Any CPU
		{38259EDE-3552-49B9-93B6-510AB95EF738}.Debug|Any CPU.Build.0 = Debug|Any CPU
		{38259EDE-3552-49B9-93B6-510AB95EF738}.Release|Any CPU.ActiveCfg = Release|Any CPU
		{38259EDE-3552-49B9-93B6-510AB95EF738}.Release|Any CPU.Build.0 = Release|Any CPU
		{DCF77536-293B-4839-8295-CA6B2238D9D6}.Debug|Any CPU.ActiveCfg = Debug|Any CPU
		{DCF77536-293B-4839-8295-CA6B2238D9D6}.Debug|Any CPU.Build.0 = Debug|Any CPU
		{DCF77536-293B-4839-8295-CA6B2238D9D6}.Release|Any CPU.ActiveCfg = Release|Any CPU
		{DCF77536-293B-4839-8295-CA6B2238D9D6}.Release|Any CPU.Build.0 = Release|Any CPU
		{238C1B6D-7953-4018-A4F4-BBB47D400F32}.Debug|Any CPU.ActiveCfg = Debug|Any CPU
		{238C1B6D-7953-4018-A4F4-BBB47D400F32}.Debug|Any CPU.Build.0 = Debug|Any CPU
		{238C1B6D-7953-4018-A4F4-BBB47D400F32}.Release|Any CPU.ActiveCfg = Release|Any CPU
		{238C1B6D-7953-4018-A4F4-BBB47D400F32}.Release|Any CPU.Build.0 = Release|Any CPU
		{70656EC4-91BA-4CCC-9B25-9429B0665A25}.Debug|Any CPU.ActiveCfg = Debug|Any CPU
		{70656EC4-91BA-4CCC-9B25-9429B0665A25}.Debug|Any CPU.Build.0 = Debug|Any CPU
		{70656EC4-91BA-4CCC-9B25-9429B0665A25}.Release|Any CPU.ActiveCfg = Release|Any CPU
		{70656EC4-91BA-4CCC-9B25-9429B0665A25}.Release|Any CPU.Build.0 = Release|Any CPU
		{19A66744-EF5D-4115-8F3C-B4F828273DCD}.Debug|Any CPU.ActiveCfg = Debug|Any CPU
		{19A66744-EF5D-4115-8F3C-B4F828273DCD}.Debug|Any CPU.Build.0 = Debug|Any CPU
		{19A66744-EF5D-4115-8F3C-B4F828273DCD}.Release|Any CPU.ActiveCfg = Release|Any CPU
		{19A66744-EF5D-4115-8F3C-B4F828273DCD}.Release|Any CPU.Build.0 = Release|Any CPU
	EndGlobalSection
	GlobalSection(SolutionProperties) = preSolution
		HideSolutionNode = FALSE
	EndGlobalSection
	GlobalSection(ExtensibilityGlobals) = postSolution
		SolutionGuid = {83CB65B8-011F-4ED7-BCD3-A6CFA935EF7E}
	EndGlobalSection
	GlobalSection(NestedProjects) = preSolution
		{7AD1DAC8-7FBE-49D5-8614-7321233DB82E} = {D527BC52-CAAC-4D30-B92E-BACF311E26EE}
		{1C1A049E-235C-4CD0-B6FA-D53AC418F4DA} = {D527BC52-CAAC-4D30-B92E-BACF311E26EE}
		{ABC31E74-02FF-46EB-B3B2-4E6AE43B456C} = {D527BC52-CAAC-4D30-B92E-BACF311E26EE}
		{238C1B6D-7953-4018-A4F4-BBB47D400F32} = {D527BC52-CAAC-4D30-B92E-BACF311E26EE}
		{70656EC4-91BA-4CCC-9B25-9429B0665A25} = {5702C646-4DB6-42DA-BE8D-989BCAD3B164}
		{19A66744-EF5D-4115-8F3C-B4F828273DCD} = {5702C646-4DB6-42DA-BE8D-989BCAD3B164}
	EndGlobalSection
EndGlobal
